
Microsoft Visual Studio Solution File, Format Version 12.00
# Visual Studio Version 17
VisualStudioVersion = 17.12.35527.113 d17.12
MinimumVisualStudioVersion = 10.0.40219.1
Project("{FAE04EC0-301F-11D3-BF4B-00C04F79EFBC}") = "MansardRenting.Web", "MansardRenting.Web\MansardRenting.Web.csproj", "{35C2E0D2-CE61-48EB-87D0-AA12CA3A20DE}"
EndProject
Project("{FAE04EC0-301F-11D3-BF4B-00C04F79EFBC}") = "MansardRenting.AppHost", "MansardRenting.AppHost\MansardRenting.AppHost.csproj", "{FBA382FB-5F15-4629-91A2-50C0FC6B7F2F}"
EndProject
Project("{FAE04EC0-301F-11D3-BF4B-00C04F79EFBC}") = "MansardRenting.ServiceDefaults", "MansardRenting.ServiceDefaults\MansardRenting.ServiceDefaults.csproj", "{BF6260B0-E5FC-41A8-BDDA-80D131D3D5F0}"
EndProject
Project("{2150E333-8FDC-42A3-9474-1A3956D46DE8}") = "Web", "Web", "{70C61304-D1DB-49A4-8D6C-50415CCD15EF}"
EndProject
Project("{2150E333-8FDC-42A3-9474-1A3956D46DE8}") = "Data", "Data", "{29D5D2A4-FA65-46DA-AD10-AE2F5EAE02E7}"
EndProject
Project("{FAE04EC0-301F-11D3-BF4B-00C04F79EFBC}") = "MansardRenting.Data", "MansardRenting.Data\MansardRenting.Data.csproj", "{A0F5475D-9C3A-4590-94C3-297EE8643EEA}"
EndProject
Project("{FAE04EC0-301F-11D3-BF4B-00C04F79EFBC}") = "MansardRenting.Data.Models", "MansardRenting.Data.Models\MansardRenting.Data.Models.csproj", "{10098DF2-24A8-4031-89DF-0CFADBAB139A}"
EndProject
Project("{FAE04EC0-301F-11D3-BF4B-00C04F79EFBC}") = "MansardRenting.Web.ViewModels", "MansardRenting.Web.ViewModels\MansardRenting.Web.ViewModels.csproj", "{8322008C-7F82-4B44-BB95-4B69837B38A6}"
EndProject
Project("{FAE04EC0-301F-11D3-BF4B-00C04F79EFBC}") = "MansardRenting.Common", "MansardRenting.Common\MansardRenting.Common.csproj", "{32007442-B46F-49FB-8672-E54869DDC866}"
EndProject
Global
	GlobalSection(SolutionConfigurationPlatforms) = preSolution
		Debug|Any CPU = Debug|Any CPU
		Release|Any CPU = Release|Any CPU
	EndGlobalSection
	GlobalSection(ProjectConfigurationPlatforms) = postSolution
		{35C2E0D2-CE61-48EB-87D0-AA12CA3A20DE}.Debug|Any CPU.ActiveCfg = Debug|Any CPU
		{35C2E0D2-CE61-48EB-87D0-AA12CA3A20DE}.Debug|Any CPU.Build.0 = Debug|Any CPU
		{35C2E0D2-CE61-48EB-87D0-AA12CA3A20DE}.Release|Any CPU.ActiveCfg = Release|Any CPU
		{35C2E0D2-CE61-48EB-87D0-AA12CA3A20DE}.Release|Any CPU.Build.0 = Release|Any CPU
		{FBA382FB-5F15-4629-91A2-50C0FC6B7F2F}.Debug|Any CPU.ActiveCfg = Debug|Any CPU
		{FBA382FB-5F15-4629-91A2-50C0FC6B7F2F}.Debug|Any CPU.Build.0 = Debug|Any CPU
		{FBA382FB-5F15-4629-91A2-50C0FC6B7F2F}.Release|Any CPU.ActiveCfg = Release|Any CPU
		{FBA382FB-5F15-4629-91A2-50C0FC6B7F2F}.Release|Any CPU.Build.0 = Release|Any CPU
		{BF6260B0-E5FC-41A8-BDDA-80D131D3D5F0}.Debug|Any CPU.ActiveCfg = Debug|Any CPU
		{BF6260B0-E5FC-41A8-BDDA-80D131D3D5F0}.Debug|Any CPU.Build.0 = Debug|Any CPU
		{BF6260B0-E5FC-41A8-BDDA-80D131D3D5F0}.Release|Any CPU.ActiveCfg = Release|Any CPU
		{BF6260B0-E5FC-41A8-BDDA-80D131D3D5F0}.Release|Any CPU.Build.0 = Release|Any CPU
		{A0F5475D-9C3A-4590-94C3-297EE8643EEA}.Debug|Any CPU.ActiveCfg = Debug|Any CPU
		{A0F5475D-9C3A-4590-94C3-297EE8643EEA}.Debug|Any CPU.Build.0 = Debug|Any CPU
		{A0F5475D-9C3A-4590-94C3-297EE8643EEA}.Release|Any CPU.ActiveCfg = Release|Any CPU
		{A0F5475D-9C3A-4590-94C3-297EE8643EEA}.Release|Any CPU.Build.0 = Release|Any CPU
		{10098DF2-24A8-4031-89DF-0CFADBAB139A}.Debug|Any CPU.ActiveCfg = Debug|Any CPU
		{10098DF2-24A8-4031-89DF-0CFADBAB139A}.Debug|Any CPU.Build.0 = Debug|Any CPU
		{10098DF2-24A8-4031-89DF-0CFADBAB139A}.Release|Any CPU.ActiveCfg = Release|Any CPU
		{10098DF2-24A8-4031-89DF-0CFADBAB139A}.Release|Any CPU.Build.0 = Release|Any CPU
		{8322008C-7F82-4B44-BB95-4B69837B38A6}.Debug|Any CPU.ActiveCfg = Debug|Any CPU
		{8322008C-7F82-4B44-BB95-4B69837B38A6}.Debug|Any CPU.Build.0 = Debug|Any CPU
		{8322008C-7F82-4B44-BB95-4B69837B38A6}.Release|Any CPU.ActiveCfg = Release|Any CPU
		{8322008C-7F82-4B44-BB95-4B69837B38A6}.Release|Any CPU.Build.0 = Release|Any CPU
		{32007442-B46F-49FB-8672-E54869DDC866}.Debug|Any CPU.ActiveCfg = Debug|Any CPU
		{32007442-B46F-49FB-8672-E54869DDC866}.Debug|Any CPU.Build.0 = Debug|Any CPU
		{32007442-B46F-49FB-8672-E54869DDC866}.Release|Any CPU.ActiveCfg = Release|Any CPU
		{32007442-B46F-49FB-8672-E54869DDC866}.Release|Any CPU.Build.0 = Release|Any CPU
	EndGlobalSection
	GlobalSection(SolutionProperties) = preSolution
		HideSolutionNode = FALSE
	EndGlobalSection
	GlobalSection(NestedProjects) = preSolution
		{35C2E0D2-CE61-48EB-87D0-AA12CA3A20DE} = {70C61304-D1DB-49A4-8D6C-50415CCD15EF}
		{FBA382FB-5F15-4629-91A2-50C0FC6B7F2F} = {70C61304-D1DB-49A4-8D6C-50415CCD15EF}
		{BF6260B0-E5FC-41A8-BDDA-80D131D3D5F0} = {70C61304-D1DB-49A4-8D6C-50415CCD15EF}
		{A0F5475D-9C3A-4590-94C3-297EE8643EEA} = {29D5D2A4-FA65-46DA-AD10-AE2F5EAE02E7}
		{10098DF2-24A8-4031-89DF-0CFADBAB139A} = {29D5D2A4-FA65-46DA-AD10-AE2F5EAE02E7}
		{8322008C-7F82-4B44-BB95-4B69837B38A6} = {70C61304-D1DB-49A4-8D6C-50415CCD15EF}
	EndGlobalSection
EndGlobal
